
Microsoft Visual Studio Solution File, Format Version 12.00
# Visual Studio Version 17
VisualStudioVersion = 17.9.34723.18
MinimumVisualStudioVersion = 10.0.40219.1
Project("{9A19103F-16F7-4668-BE54-9A1E7A4F7556}") = "EquipmentReservations.WebApi", "src\EquipmentReservations.WebApi\EquipmentReservations.WebApi.csproj", "{BCF4C03C-FBF5-4AC1-BF8B-BC0849AA7CFC}"
EndProject
Project("{2150E333-8FDC-42A3-9474-1A3956D46DE8}") = "src", "src", "{E1CAEBE5-666A-4EED-AB32-B65458DDF9D6}"
EndProject
Project("{9A19103F-16F7-4668-BE54-9A1E7A4F7556}") = "EquipmentReservations.Models", "src\EquipmentReservations.Models\EquipmentReservations.Models.csproj", "{BB69D4B8-E76B-421A-8644-3750142998F7}"
EndProject
Project("{9A19103F-16F7-4668-BE54-9A1E7A4F7556}") = "EquipmentReservations.Domain", "src\EquipmentReservations.Domain\EquipmentReservations.Domain.csproj", "{808B4DD4-7034-4035-9544-67FA144F82D1}"
EndProject
Project("{9A19103F-16F7-4668-BE54-9A1E7A4F7556}") = "EquipmentReservations.DataLayer", "src\EquipmentReservations.DataLayer\EquipmentReservations.DataLayer.csproj", "{60E8BDBA-9800-49A6-ADDB-2D3F20FA8154}"
EndProject
Global
	GlobalSection(SolutionConfigurationPlatforms) = preSolution
		Debug|Any CPU = Debug|Any CPU
		Release|Any CPU = Release|Any CPU
	EndGlobalSection
	GlobalSection(ProjectConfigurationPlatforms) = postSolution
		{BCF4C03C-FBF5-4AC1-BF8B-BC0849AA7CFC}.Debug|Any CPU.ActiveCfg = Debug|Any CPU
		{BCF4C03C-FBF5-4AC1-BF8B-BC0849AA7CFC}.Debug|Any CPU.Build.0 = Debug|Any CPU
		{BCF4C03C-FBF5-4AC1-BF8B-BC0849AA7CFC}.Release|Any CPU.ActiveCfg = Release|Any CPU
		{BCF4C03C-FBF5-4AC1-BF8B-BC0849AA7CFC}.Release|Any CPU.Build.0 = Release|Any CPU
		{BB69D4B8-E76B-421A-8644-3750142998F7}.Debug|Any CPU.ActiveCfg = Debug|Any CPU
		{BB69D4B8-E76B-421A-8644-3750142998F7}.Debug|Any CPU.Build.0 = Debug|Any CPU
		{BB69D4B8-E76B-421A-8644-3750142998F7}.Release|Any CPU.ActiveCfg = Release|Any CPU
		{BB69D4B8-E76B-421A-8644-3750142998F7}.Release|Any CPU.Build.0 = Release|Any CPU
		{808B4DD4-7034-4035-9544-67FA144F82D1}.Debug|Any CPU.ActiveCfg = Debug|Any CPU
		{808B4DD4-7034-4035-9544-67FA144F82D1}.Debug|Any CPU.Build.0 = Debug|Any CPU
		{808B4DD4-7034-4035-9544-67FA144F82D1}.Release|Any CPU.ActiveCfg = Release|Any CPU
		{808B4DD4-7034-4035-9544-67FA144F82D1}.Release|Any CPU.Build.0 = Release|Any CPU
		{60E8BDBA-9800-49A6-ADDB-2D3F20FA8154}.Debug|Any CPU.ActiveCfg = Debug|Any CPU
		{60E8BDBA-9800-49A6-ADDB-2D3F20FA8154}.Debug|Any CPU.Build.0 = Debug|Any CPU
		{60E8BDBA-9800-49A6-ADDB-2D3F20FA8154}.Release|Any CPU.ActiveCfg = Release|Any CPU
		{60E8BDBA-9800-49A6-ADDB-2D3F20FA8154}.Release|Any CPU.Build.0 = Release|Any CPU
	EndGlobalSection
	GlobalSection(SolutionProperties) = preSolution
		HideSolutionNode = FALSE
	EndGlobalSection
	GlobalSection(NestedProjects) = preSolution
		{BCF4C03C-FBF5-4AC1-BF8B-BC0849AA7CFC} = {E1CAEBE5-666A-4EED-AB32-B65458DDF9D6}
		{BB69D4B8-E76B-421A-8644-3750142998F7} = {E1CAEBE5-666A-4EED-AB32-B65458DDF9D6}
		{808B4DD4-7034-4035-9544-67FA144F82D1} = {E1CAEBE5-666A-4EED-AB32-B65458DDF9D6}
		{60E8BDBA-9800-49A6-ADDB-2D3F20FA8154} = {E1CAEBE5-666A-4EED-AB32-B65458DDF9D6}
	EndGlobalSection
	GlobalSection(ExtensibilityGlobals) = postSolution
		SolutionGuid = {9E39A60A-EDAE-4BDA-932A-6CFEB4009B82}
	EndGlobalSection
EndGlobal
